
Microsoft Visual Studio Solution File, Format Version 12.00
Project("{FAE04EC0-301F-11D3-BF4B-00C04F79EFBC}") = "SEPCSTier1", "SEPCSTier1\SEPCSTier1.csproj", "{C905FDB9-3C3E-4057-BCAC-97D532728BC0}"
EndProject
Global
	GlobalSection(SolutionConfigurationPlatforms) = preSolution
		Debug|Any CPU = Debug|Any CPU
		Release|Any CPU = Release|Any CPU
	EndGlobalSection
	GlobalSection(ProjectConfigurationPlatforms) = postSolution
		{C905FDB9-3C3E-4057-BCAC-97D532728BC0}.Debug|Any CPU.ActiveCfg = Debug|Any CPU
		{C905FDB9-3C3E-4057-BCAC-97D532728BC0}.Debug|Any CPU.Build.0 = Debug|Any CPU
		{C905FDB9-3C3E-4057-BCAC-97D532728BC0}.Release|Any CPU.ActiveCfg = Release|Any CPU
		{C905FDB9-3C3E-4057-BCAC-97D532728BC0}.Release|Any CPU.Build.0 = Release|Any CPU
	EndGlobalSection
EndGlobal
